// !$*UTF8*$!
{
	archiveVersion = 1;
	classes = {
	};
	objectVersion = 56;
	objects = {

/* Begin PBXBuildFile section */
		B12D62672A9FABCD0056109B /* GRDB.framework in Frameworks */ = {isa = PBXBuildFile; fileRef = B10D47C32A9FAB1F000CEC6B /* GRDB.framework */; };
		B12D62682A9FABCD0056109B /* GRDB.framework in Embed Frameworks */ = {isa = PBXBuildFile; fileRef = B10D47C32A9FAB1F000CEC6B /* GRDB.framework */; settings = {ATTRIBUTES = (CodeSignOnCopy, RemoveHeadersOnCopy, ); }; };
		B143B50E2A8A7F5300B8834E /* AppDelegate.swift in Sources */ = {isa = PBXBuildFile; fileRef = B143B50D2A8A7F5300B8834E /* AppDelegate.swift */; };
		B143B5102A8A7F5300B8834E /* SceneDelegate.swift in Sources */ = {isa = PBXBuildFile; fileRef = B143B50F2A8A7F5300B8834E /* SceneDelegate.swift */; };
		B143B5122A8A7F5300B8834E /* ViewController.swift in Sources */ = {isa = PBXBuildFile; fileRef = B143B5112A8A7F5300B8834E /* ViewController.swift */; };
		B143B5152A8A7F5300B8834E /* Main.storyboard in Resources */ = {isa = PBXBuildFile; fileRef = B143B5132A8A7F5300B8834E /* Main.storyboard */; };
		B143B51A2A8A7F5400B8834E /* Assets.xcassets in Resources */ = {isa = PBXBuildFile; fileRef = B143B5192A8A7F5400B8834E /* Assets.xcassets */; };
		B143B51D2A8A7F5400B8834E /* LaunchScreen.storyboard in Resources */ = {isa = PBXBuildFile; fileRef = B143B51B2A8A7F5400B8834E /* LaunchScreen.storyboard */; };
		B143B52C2A8CA94C00B8834E /* PatientModel.swift in Sources */ = {isa = PBXBuildFile; fileRef = B143B52B2A8CA94C00B8834E /* PatientModel.swift */; };
		B143B5312A8E0D7200B8834E /* EncodableExtension.swift in Sources */ = {isa = PBXBuildFile; fileRef = B143B5302A8E0D7200B8834E /* EncodableExtension.swift */; };
		B143B53C2A8E44D400B8834E /* DateExtension.swift in Sources */ = {isa = PBXBuildFile; fileRef = B143B53B2A8E44D400B8834E /* DateExtension.swift */; };
		B143B5552A8E691200B8834E /* NetworkManager.swift in Sources */ = {isa = PBXBuildFile; fileRef = B143B5542A8E691200B8834E /* NetworkManager.swift */; };
		B18B09A02A94B43B002C7A6E /* ArrayExtension.swift in Sources */ = {isa = PBXBuildFile; fileRef = B18B099F2A94B43B002C7A6E /* ArrayExtension.swift */; };
		B18B09A42A94F2DF002C7A6E /* UIViewControllerExtension.swift in Sources */ = {isa = PBXBuildFile; fileRef = B18B09A32A94F2DF002C7A6E /* UIViewControllerExtension.swift */; };
		B191CCBA2A9656F400195836 /* PatientTableViewCell.swift in Sources */ = {isa = PBXBuildFile; fileRef = B191CCB82A9656F400195836 /* PatientTableViewCell.swift */; };
		B191CCBB2A9656F400195836 /* PatientTableViewCell.xib in Resources */ = {isa = PBXBuildFile; fileRef = B191CCB92A9656F400195836 /* PatientTableViewCell.xib */; };
		B1CFA2542A976CE000EF4582 /* GRDB.swift in Sources */ = {isa = PBXBuildFile; fileRef = B1CFA2532A976CE000EF4582 /* GRDB.swift */; };
/* End PBXBuildFile section */

/* Begin PBXContainerItemProxy section */
		B10D47C22A9FAB1F000CEC6B /* PBXContainerItemProxy */ = {
			isa = PBXContainerItemProxy;
			containerPortal = B11F86F52A9FA1F800910627 /* GRDBCustom.xcodeproj */;
			proxyType = 2;
			remoteGlobalIDString = F3BA805A1CFB2BB2003DC1BA;
			remoteInfo = GRDBCustom;
		};
		B10D47C42A9FAB1F000CEC6B /* PBXContainerItemProxy */ = {
			isa = PBXContainerItemProxy;
			containerPortal = B11F86F52A9FA1F800910627 /* GRDBCustom.xcodeproj */;
			proxyType = 2;
			remoteGlobalIDString = F3BA809B1CFB2F6F003DC1BA;
			remoteInfo = GRDBCustomTests;
		};
		B12D62632A9FABC60056109B /* PBXContainerItemProxy */ = {
			isa = PBXContainerItemProxy;
			containerPortal = B11F86F52A9FA1F800910627 /* GRDBCustom.xcodeproj */;
			proxyType = 1;
			remoteGlobalIDString = F3BA80591CFB2BB2003DC1BA;
			remoteInfo = GRDBCustom;
		};
/* End PBXContainerItemProxy section */

/* Begin PBXCopyFilesBuildPhase section */
		B16A28152A9644040082B730 /* Embed Frameworks */ = {
			isa = PBXCopyFilesBuildPhase;
			buildActionMask = 2147483647;
			dstPath = "";
			dstSubfolderSpec = 10;
			files = (
				B12D62682A9FABCD0056109B /* GRDB.framework in Embed Frameworks */,
			);
			name = "Embed Frameworks";
			runOnlyForDeploymentPostprocessing = 0;
		};
/* End PBXCopyFilesBuildPhase section */

/* Begin PBXFileReference section */
		B11F86F52A9FA1F800910627 /* GRDBCustom.xcodeproj */ = {isa = PBXFileReference; lastKnownFileType = "wrapper.pb-project"; name = GRDBCustom.xcodeproj; path = ../../GRDB.swift/GRDBCustom.xcodeproj; sourceTree = "<group>"; };
		B143B50A2A8A7F5300B8834E /* CoreDataExample.app */ = {isa = PBXFileReference; explicitFileType = wrapper.application; includeInIndex = 0; path = CoreDataExample.app; sourceTree = BUILT_PRODUCTS_DIR; };
		B143B50D2A8A7F5300B8834E /* AppDelegate.swift */ = {isa = PBXFileReference; lastKnownFileType = sourcecode.swift; path = AppDelegate.swift; sourceTree = "<group>"; };
		B143B50F2A8A7F5300B8834E /* SceneDelegate.swift */ = {isa = PBXFileReference; lastKnownFileType = sourcecode.swift; path = SceneDelegate.swift; sourceTree = "<group>"; };
		B143B5112A8A7F5300B8834E /* ViewController.swift */ = {isa = PBXFileReference; lastKnownFileType = sourcecode.swift; path = ViewController.swift; sourceTree = "<group>"; };
		B143B5142A8A7F5300B8834E /* Base */ = {isa = PBXFileReference; lastKnownFileType = file.storyboard; name = Base; path = Base.lproj/Main.storyboard; sourceTree = "<group>"; };
		B143B5192A8A7F5400B8834E /* Assets.xcassets */ = {isa = PBXFileReference; lastKnownFileType = folder.assetcatalog; path = Assets.xcassets; sourceTree = "<group>"; };
		B143B51C2A8A7F5400B8834E /* Base */ = {isa = PBXFileReference; lastKnownFileType = file.storyboard; name = Base; path = Base.lproj/LaunchScreen.storyboard; sourceTree = "<group>"; };
		B143B51E2A8A7F5400B8834E /* Info.plist */ = {isa = PBXFileReference; lastKnownFileType = text.plist.xml; path = Info.plist; sourceTree = "<group>"; };
		B143B52B2A8CA94C00B8834E /* PatientModel.swift */ = {isa = PBXFileReference; lastKnownFileType = sourcecode.swift; path = PatientModel.swift; sourceTree = "<group>"; };
		B143B5302A8E0D7200B8834E /* EncodableExtension.swift */ = {isa = PBXFileReference; lastKnownFileType = sourcecode.swift; path = EncodableExtension.swift; sourceTree = "<group>"; };
		B143B53B2A8E44D400B8834E /* DateExtension.swift */ = {isa = PBXFileReference; lastKnownFileType = sourcecode.swift; path = DateExtension.swift; sourceTree = "<group>"; };
		B143B5542A8E691200B8834E /* NetworkManager.swift */ = {isa = PBXFileReference; lastKnownFileType = sourcecode.swift; path = NetworkManager.swift; sourceTree = "<group>"; };
		B18B099F2A94B43B002C7A6E /* ArrayExtension.swift */ = {isa = PBXFileReference; lastKnownFileType = sourcecode.swift; path = ArrayExtension.swift; sourceTree = "<group>"; };
		B18B09A32A94F2DF002C7A6E /* UIViewControllerExtension.swift */ = {isa = PBXFileReference; lastKnownFileType = sourcecode.swift; path = UIViewControllerExtension.swift; sourceTree = "<group>"; };
		B191CCB82A9656F400195836 /* PatientTableViewCell.swift */ = {isa = PBXFileReference; lastKnownFileType = sourcecode.swift; path = PatientTableViewCell.swift; sourceTree = "<group>"; };
		B191CCB92A9656F400195836 /* PatientTableViewCell.xib */ = {isa = PBXFileReference; lastKnownFileType = file.xib; path = PatientTableViewCell.xib; sourceTree = "<group>"; };
		B1CFA2532A976CE000EF4582 /* GRDB.swift */ = {isa = PBXFileReference; lastKnownFileType = sourcecode.swift; path = GRDB.swift; sourceTree = "<group>"; };
/* End PBXFileReference section */

/* Begin PBXFrameworksBuildPhase section */
		B143B5072A8A7F5300B8834E /* Frameworks */ = {
			isa = PBXFrameworksBuildPhase;
			buildActionMask = 2147483647;
			files = (
				B12D62672A9FABCD0056109B /* GRDB.framework in Frameworks */,
			);
			runOnlyForDeploymentPostprocessing = 0;
		};
/* End PBXFrameworksBuildPhase section */

/* Begin PBXGroup section */
		B10D47BE2A9FAB1F000CEC6B /* Products */ = {
			isa = PBXGroup;
			children = (
				B10D47C32A9FAB1F000CEC6B /* GRDB.framework */,
				B10D47C52A9FAB1F000CEC6B /* GRDBCustomTests.xctest */,
			);
			name = Products;
			sourceTree = "<group>";
		};
		B143B5012A8A7F5300B8834E = {
			isa = PBXGroup;
			children = (
				B143B50C2A8A7F5300B8834E /* CoreDataExample */,
				B143B50B2A8A7F5300B8834E /* Products */,
				B15837802A97631A00004677 /* Frameworks */,
			);
			sourceTree = "<group>";
		};
		B143B50B2A8A7F5300B8834E /* Products */ = {
			isa = PBXGroup;
			children = (
				B143B50A2A8A7F5300B8834E /* CoreDataExample.app */,
			);
			name = Products;
			sourceTree = "<group>";
		};
		B143B50C2A8A7F5300B8834E /* CoreDataExample */ = {
			isa = PBXGroup;
			children = (
				B11F86F52A9FA1F800910627 /* GRDBCustom.xcodeproj */,
				B1CFA2522A976CD100EF4582 /* GRDB */,
				B143B5532A8E690700B8834E /* Network */,
				B143B53A2A8E44BE00B8834E /* Extensions */,
				B143B50D2A8A7F5300B8834E /* AppDelegate.swift */,
				B143B50F2A8A7F5300B8834E /* SceneDelegate.swift */,
				B143B5112A8A7F5300B8834E /* ViewController.swift */,
				B143B52B2A8CA94C00B8834E /* PatientModel.swift */,
				B143B5132A8A7F5300B8834E /* Main.storyboard */,
				B143B5192A8A7F5400B8834E /* Assets.xcassets */,
				B143B51B2A8A7F5400B8834E /* LaunchScreen.storyboard */,
				B143B51E2A8A7F5400B8834E /* Info.plist */,
				B191CCB82A9656F400195836 /* PatientTableViewCell.swift */,
				B191CCB92A9656F400195836 /* PatientTableViewCell.xib */,
			);
			path = CoreDataExample;
			sourceTree = "<group>";
		};
		B143B53A2A8E44BE00B8834E /* Extensions */ = {
			isa = PBXGroup;
			children = (
				B143B5302A8E0D7200B8834E /* EncodableExtension.swift */,
				B143B53B2A8E44D400B8834E /* DateExtension.swift */,
				B18B099F2A94B43B002C7A6E /* ArrayExtension.swift */,
				B18B09A32A94F2DF002C7A6E /* UIViewControllerExtension.swift */,
			);
			path = Extensions;
			sourceTree = "<group>";
		};
		B143B5532A8E690700B8834E /* Network */ = {
			isa = PBXGroup;
			children = (
				B143B5542A8E691200B8834E /* NetworkManager.swift */,
			);
			path = Network;
			sourceTree = "<group>";
		};
		B15837802A97631A00004677 /* Frameworks */ = {
			isa = PBXGroup;
			children = (
			);
			name = Frameworks;
			sourceTree = "<group>";
		};
		B1CFA2522A976CD100EF4582 /* GRDB */ = {
			isa = PBXGroup;
			children = (
				B1CFA2532A976CE000EF4582 /* GRDB.swift */,
			);
			path = GRDB;
			sourceTree = "<group>";
		};
/* End PBXGroup section */

/* Begin PBXNativeTarget section */
		B143B5092A8A7F5300B8834E /* CoreDataExample */ = {
			isa = PBXNativeTarget;
			buildConfigurationList = B143B5212A8A7F5400B8834E /* Build configuration list for PBXNativeTarget "CoreDataExample" */;
			buildPhases = (
				B143B5062A8A7F5300B8834E /* Sources */,
				B143B5072A8A7F5300B8834E /* Frameworks */,
				B143B5082A8A7F5300B8834E /* Resources */,
				B16A28152A9644040082B730 /* Embed Frameworks */,
			);
			buildRules = (
			);
			dependencies = (
				B12D62642A9FABC60056109B /* PBXTargetDependency */,
			);
			name = CoreDataExample;
			packageProductDependencies = (
			);
			productName = CoreDataExample;
			productReference = B143B50A2A8A7F5300B8834E /* CoreDataExample.app */;
			productType = "com.apple.product-type.application";
		};
/* End PBXNativeTarget section */

/* Begin PBXProject section */
		B143B5022A8A7F5300B8834E /* Project object */ = {
			isa = PBXProject;
			attributes = {
				BuildIndependentTargetsInParallel = 1;
				LastSwiftUpdateCheck = 1430;
				LastUpgradeCheck = 1430;
				TargetAttributes = {
					B143B5092A8A7F5300B8834E = {
						CreatedOnToolsVersion = 14.3.1;
						LastSwiftMigration = 1430;
					};
				};
			};
			buildConfigurationList = B143B5052A8A7F5300B8834E /* Build configuration list for PBXProject "CoreDataExample" */;
			compatibilityVersion = "Xcode 14.0";
			developmentRegion = en;
			hasScannedForEncodings = 0;
			knownRegions = (
				en,
				Base,
			);
			mainGroup = B143B5012A8A7F5300B8834E;
			packageReferences = (
			);
			productRefGroup = B143B50B2A8A7F5300B8834E /* Products */;
			projectDirPath = "";
			projectReferences = (
				{
					ProductGroup = B10D47BE2A9FAB1F000CEC6B /* Products */;
					ProjectRef = B11F86F52A9FA1F800910627 /* GRDBCustom.xcodeproj */;
				},
			);
			projectRoot = "";
			targets = (
				B143B5092A8A7F5300B8834E /* CoreDataExample */,
			);
		};
/* End PBXProject section */

/* Begin PBXReferenceProxy section */
		B10D47C32A9FAB1F000CEC6B /* GRDB.framework */ = {
			isa = PBXReferenceProxy;
			fileType = wrapper.framework;
			path = GRDB.framework;
			remoteRef = B10D47C22A9FAB1F000CEC6B /* PBXContainerItemProxy */;
			sourceTree = BUILT_PRODUCTS_DIR;
		};
		B10D47C52A9FAB1F000CEC6B /* GRDBCustomTests.xctest */ = {
			isa = PBXReferenceProxy;
			fileType = wrapper.cfbundle;
			path = GRDBCustomTests.xctest;
			remoteRef = B10D47C42A9FAB1F000CEC6B /* PBXContainerItemProxy */;
			sourceTree = BUILT_PRODUCTS_DIR;
		};
/* End PBXReferenceProxy section */

/* Begin PBXResourcesBuildPhase section */
		B143B5082A8A7F5300B8834E /* Resources */ = {
			isa = PBXResourcesBuildPhase;
			buildActionMask = 2147483647;
			files = (
				B143B51D2A8A7F5400B8834E /* LaunchScreen.storyboard in Resources */,
				B191CCBB2A9656F400195836 /* PatientTableViewCell.xib in Resources */,
				B143B51A2A8A7F5400B8834E /* Assets.xcassets in Resources */,
				B143B5152A8A7F5300B8834E /* Main.storyboard in Resources */,
			);
			runOnlyForDeploymentPostprocessing = 0;
		};
/* End PBXResourcesBuildPhase section */

/* Begin PBXSourcesBuildPhase section */
		B143B5062A8A7F5300B8834E /* Sources */ = {
			isa = PBXSourcesBuildPhase;
			buildActionMask = 2147483647;
			files = (
				B143B5122A8A7F5300B8834E /* ViewController.swift in Sources */,
				B143B52C2A8CA94C00B8834E /* PatientModel.swift in Sources */,
				B18B09A42A94F2DF002C7A6E /* UIViewControllerExtension.swift in Sources */,
				B143B50E2A8A7F5300B8834E /* AppDelegate.swift in Sources */,
				B1CFA2542A976CE000EF4582 /* GRDB.swift in Sources */,
				B143B53C2A8E44D400B8834E /* DateExtension.swift in Sources */,
				B143B5102A8A7F5300B8834E /* SceneDelegate.swift in Sources */,
				B18B09A02A94B43B002C7A6E /* ArrayExtension.swift in Sources */,
				B143B5552A8E691200B8834E /* NetworkManager.swift in Sources */,
				B191CCBA2A9656F400195836 /* PatientTableViewCell.swift in Sources */,
				B143B5312A8E0D7200B8834E /* EncodableExtension.swift in Sources */,
			);
			runOnlyForDeploymentPostprocessing = 0;
		};
/* End PBXSourcesBuildPhase section */

/* Begin PBXTargetDependency section */
		B12D62642A9FABC60056109B /* PBXTargetDependency */ = {
			isa = PBXTargetDependency;
			name = GRDBCustom;
			targetProxy = B12D62632A9FABC60056109B /* PBXContainerItemProxy */;
		};
/* End PBXTargetDependency section */

/* Begin PBXVariantGroup section */
		B143B5132A8A7F5300B8834E /* Main.storyboard */ = {
			isa = PBXVariantGroup;
			children = (
				B143B5142A8A7F5300B8834E /* Base */,
			);
			name = Main.storyboard;
			sourceTree = "<group>";
		};
		B143B51B2A8A7F5400B8834E /* LaunchScreen.storyboard */ = {
			isa = PBXVariantGroup;
			children = (
				B143B51C2A8A7F5400B8834E /* Base */,
			);
			name = LaunchScreen.storyboard;
			sourceTree = "<group>";
		};
/* End PBXVariantGroup section */

/* Begin XCBuildConfiguration section */
		B143B51F2A8A7F5400B8834E /* Debug */ = {
			isa = XCBuildConfiguration;
			buildSettings = {
				ALWAYS_SEARCH_USER_PATHS = NO;
				CLANG_ANALYZER_NONNULL = YES;
				CLANG_ANALYZER_NUMBER_OBJECT_CONVERSION = YES_AGGRESSIVE;
				CLANG_CXX_LANGUAGE_STANDARD = "gnu++20";
				CLANG_ENABLE_MODULES = YES;
				CLANG_ENABLE_OBJC_ARC = YES;
				CLANG_ENABLE_OBJC_WEAK = YES;
				CLANG_WARN_BLOCK_CAPTURE_AUTORELEASING = YES;
				CLANG_WARN_BOOL_CONVERSION = YES;
				CLANG_WARN_COMMA = YES;
				CLANG_WARN_CONSTANT_CONVERSION = YES;
				CLANG_WARN_DEPRECATED_OBJC_IMPLEMENTATIONS = YES;
				CLANG_WARN_DIRECT_OBJC_ISA_USAGE = YES_ERROR;
				CLANG_WARN_DOCUMENTATION_COMMENTS = YES;
				CLANG_WARN_EMPTY_BODY = YES;
				CLANG_WARN_ENUM_CONVERSION = YES;
				CLANG_WARN_INFINITE_RECURSION = YES;
				CLANG_WARN_INT_CONVERSION = YES;
				CLANG_WARN_NON_LITERAL_NULL_CONVERSION = YES;
				CLANG_WARN_OBJC_IMPLICIT_RETAIN_SELF = YES;
				CLANG_WARN_OBJC_LITERAL_CONVERSION = YES;
				CLANG_WARN_OBJC_ROOT_CLASS = YES_ERROR;
				CLANG_WARN_QUOTED_INCLUDE_IN_FRAMEWORK_HEADER = YES;
				CLANG_WARN_RANGE_LOOP_ANALYSIS = YES;
				CLANG_WARN_STRICT_PROTOTYPES = YES;
				CLANG_WARN_SUSPICIOUS_MOVE = YES;
				CLANG_WARN_UNGUARDED_AVAILABILITY = YES_AGGRESSIVE;
				CLANG_WARN_UNREACHABLE_CODE = YES;
				CLANG_WARN__DUPLICATE_METHOD_MATCH = YES;
				COPY_PHASE_STRIP = NO;
				DEBUG_INFORMATION_FORMAT = dwarf;
				ENABLE_STRICT_OBJC_MSGSEND = YES;
				ENABLE_TESTABILITY = YES;
				GCC_C_LANGUAGE_STANDARD = gnu11;
				GCC_DYNAMIC_NO_PIC = NO;
				GCC_NO_COMMON_BLOCKS = YES;
				GCC_OPTIMIZATION_LEVEL = 0;
				GCC_PREPROCESSOR_DEFINITIONS = (
					"DEBUG=1",
					"$(inherited)",
				);
				GCC_WARN_64_TO_32_BIT_CONVERSION = YES;
				GCC_WARN_ABOUT_RETURN_TYPE = YES_ERROR;
				GCC_WARN_UNDECLARED_SELECTOR = YES;
				GCC_WARN_UNINITIALIZED_AUTOS = YES_AGGRESSIVE;
				GCC_WARN_UNUSED_FUNCTION = YES;
				GCC_WARN_UNUSED_VARIABLE = YES;
				IPHONEOS_DEPLOYMENT_TARGET = 16.4;
				MTL_ENABLE_DEBUG_INFO = INCLUDE_SOURCE;
				MTL_FAST_MATH = YES;
				ONLY_ACTIVE_ARCH = YES;
				SDKROOT = iphoneos;
				SWIFT_ACTIVE_COMPILATION_CONDITIONS = DEBUG;
				SWIFT_OPTIMIZATION_LEVEL = "-Onone";
			};
			name = Debug;
		};
		B143B5202A8A7F5400B8834E /* Release */ = {
			isa = XCBuildConfiguration;
			buildSettings = {
				ALWAYS_SEARCH_USER_PATHS = NO;
				CLANG_ANALYZER_NONNULL = YES;
				CLANG_ANALYZER_NUMBER_OBJECT_CONVERSION = YES_AGGRESSIVE;
				CLANG_CXX_LANGUAGE_STANDARD = "gnu++20";
				CLANG_ENABLE_MODULES = YES;
				CLANG_ENABLE_OBJC_ARC = YES;
				CLANG_ENABLE_OBJC_WEAK = YES;
				CLANG_WARN_BLOCK_CAPTURE_AUTORELEASING = YES;
				CLANG_WARN_BOOL_CONVERSION = YES;
				CLANG_WARN_COMMA = YES;
				CLANG_WARN_CONSTANT_CONVERSION = YES;
				CLANG_WARN_DEPRECATED_OBJC_IMPLEMENTATIONS = YES;
				CLANG_WARN_DIRECT_OBJC_ISA_USAGE = YES_ERROR;
				CLANG_WARN_DOCUMENTATION_COMMENTS = YES;
				CLANG_WARN_EMPTY_BODY = YES;
				CLANG_WARN_ENUM_CONVERSION = YES;
				CLANG_WARN_INFINITE_RECURSION = YES;
				CLANG_WARN_INT_CONVERSION = YES;
				CLANG_WARN_NON_LITERAL_NULL_CONVERSION = YES;
				CLANG_WARN_OBJC_IMPLICIT_RETAIN_SELF = YES;
				CLANG_WARN_OBJC_LITERAL_CONVERSION = YES;
				CLANG_WARN_OBJC_ROOT_CLASS = YES_ERROR;
				CLANG_WARN_QUOTED_INCLUDE_IN_FRAMEWORK_HEADER = YES;
				CLANG_WARN_RANGE_LOOP_ANALYSIS = YES;
				CLANG_WARN_STRICT_PROTOTYPES = YES;
				CLANG_WARN_SUSPICIOUS_MOVE = YES;
				CLANG_WARN_UNGUARDED_AVAILABILITY = YES_AGGRESSIVE;
				CLANG_WARN_UNREACHABLE_CODE = YES;
				CLANG_WARN__DUPLICATE_METHOD_MATCH = YES;
				COPY_PHASE_STRIP = NO;
				DEBUG_INFORMATION_FORMAT = "dwarf-with-dsym";
				ENABLE_NS_ASSERTIONS = NO;
				ENABLE_STRICT_OBJC_MSGSEND = YES;
				GCC_C_LANGUAGE_STANDARD = gnu11;
				GCC_NO_COMMON_BLOCKS = YES;
				GCC_WARN_64_TO_32_BIT_CONVERSION = YES;
				GCC_WARN_ABOUT_RETURN_TYPE = YES_ERROR;
				GCC_WARN_UNDECLARED_SELECTOR = YES;
				GCC_WARN_UNINITIALIZED_AUTOS = YES_AGGRESSIVE;
				GCC_WARN_UNUSED_FUNCTION = YES;
				GCC_WARN_UNUSED_VARIABLE = YES;
				IPHONEOS_DEPLOYMENT_TARGET = 16.4;
				MTL_ENABLE_DEBUG_INFO = NO;
				MTL_FAST_MATH = YES;
				SDKROOT = iphoneos;
				SWIFT_COMPILATION_MODE = wholemodule;
				SWIFT_OPTIMIZATION_LEVEL = "-O";
				VALIDATE_PRODUCT = YES;
			};
			name = Release;
		};
		B143B5222A8A7F5400B8834E /* Debug */ = {
			isa = XCBuildConfiguration;
			buildSettings = {
				ASSETCATALOG_COMPILER_APPICON_NAME = AppIcon;
				ASSETCATALOG_COMPILER_GLOBAL_ACCENT_COLOR_NAME = AccentColor;
				CLANG_ENABLE_MODULES = YES;
				CODE_SIGN_STYLE = Automatic;
				CURRENT_PROJECT_VERSION = 1;
				DEVELOPMENT_TEAM = YDS549XWRN;
				GENERATE_INFOPLIST_FILE = YES;
				INFOPLIST_FILE = CoreDataExample/Info.plist;
				INFOPLIST_KEY_UIApplicationSupportsIndirectInputEvents = YES;
				INFOPLIST_KEY_UILaunchStoryboardName = LaunchScreen;
				INFOPLIST_KEY_UIMainStoryboardFile = Main;
				INFOPLIST_KEY_UISupportedInterfaceOrientations_iPad = "UIInterfaceOrientationPortrait UIInterfaceOrientationPortraitUpsideDown UIInterfaceOrientationLandscapeLeft UIInterfaceOrientationLandscapeRight";
				INFOPLIST_KEY_UISupportedInterfaceOrientations_iPhone = "UIInterfaceOrientationPortrait UIInterfaceOrientationLandscapeLeft UIInterfaceOrientationLandscapeRight";
				IPHONEOS_DEPLOYMENT_TARGET = 15.0;
				LD_RUNPATH_SEARCH_PATHS = (
					"$(inherited)",
					"@executable_path/Frameworks",
				);
				LIBRARY_SEARCH_PATHS = (
					"$(inherited)",
					"$(PROJECT_DIR)/CoreDataExample/GRDB",
					"$(PROJECT_DIR)",
				);
				MARKETING_VERSION = 1.0;
				PRODUCT_BUNDLE_IDENTIFIER = com.orbi.EkaCarePencilSaga.debug;
				PRODUCT_NAME = "$(TARGET_NAME)";
				SWIFT_EMIT_LOC_STRINGS = YES;
				SWIFT_OPTIMIZATION_LEVEL = "-Onone";
				SWIFT_PRECOMPILE_BRIDGING_HEADER = NO;
				SWIFT_VERSION = 5.0;
				TARGETED_DEVICE_FAMILY = "1,2";
			};
			name = Debug;
		};
		B143B5232A8A7F5400B8834E /* Release */ = {
			isa = XCBuildConfiguration;
			buildSettings = {
				ASSETCATALOG_COMPILER_APPICON_NAME = AppIcon;
				ASSETCATALOG_COMPILER_GLOBAL_ACCENT_COLOR_NAME = AccentColor;
				CLANG_ENABLE_MODULES = YES;
				CODE_SIGN_STYLE = Automatic;
				CURRENT_PROJECT_VERSION = 1;
				DEVELOPMENT_TEAM = YDS549XWRN;
				GENERATE_INFOPLIST_FILE = YES;
				INFOPLIST_FILE = CoreDataExample/Info.plist;
				INFOPLIST_KEY_UIApplicationSupportsIndirectInputEvents = YES;
				INFOPLIST_KEY_UILaunchStoryboardName = LaunchScreen;
				INFOPLIST_KEY_UIMainStoryboardFile = Main;
				INFOPLIST_KEY_UISupportedInterfaceOrientations_iPad = "UIInterfaceOrientationPortrait UIInterfaceOrientationPortraitUpsideDown UIInterfaceOrientationLandscapeLeft UIInterfaceOrientationLandscapeRight";
				INFOPLIST_KEY_UISupportedInterfaceOrientations_iPhone = "UIInterfaceOrientationPortrait UIInterfaceOrientationLandscapeLeft UIInterfaceOrientationLandscapeRight";
				IPHONEOS_DEPLOYMENT_TARGET = 15.0;
				LD_RUNPATH_SEARCH_PATHS = (
					"$(inherited)",
					"@executable_path/Frameworks",
				);
				LIBRARY_SEARCH_PATHS = (
					"$(inherited)",
					"$(PROJECT_DIR)/CoreDataExample/GRDB",
					"$(PROJECT_DIR)",
				);
				MARKETING_VERSION = 1.0;
				PRODUCT_BUNDLE_IDENTIFIER = com.orbi.EkaCarePencilSaga.debug;
				PRODUCT_NAME = "$(TARGET_NAME)";
				SWIFT_EMIT_LOC_STRINGS = YES;
				SWIFT_PRECOMPILE_BRIDGING_HEADER = NO;
				SWIFT_VERSION = 5.0;
				TARGETED_DEVICE_FAMILY = "1,2";
			};
			name = Release;
		};
/* End XCBuildConfiguration section */

/* Begin XCConfigurationList section */
		B143B5052A8A7F5300B8834E /* Build configuration list for PBXProject "CoreDataExample" */ = {
			isa = XCConfigurationList;
			buildConfigurations = (
				B143B51F2A8A7F5400B8834E /* Debug */,
				B143B5202A8A7F5400B8834E /* Release */,
			);
			defaultConfigurationIsVisible = 0;
			defaultConfigurationName = Release;
		};
		B143B5212A8A7F5400B8834E /* Build configuration list for PBXNativeTarget "CoreDataExample" */ = {
			isa = XCConfigurationList;
			buildConfigurations = (
				B143B5222A8A7F5400B8834E /* Debug */,
				B143B5232A8A7F5400B8834E /* Release */,
			);
			defaultConfigurationIsVisible = 0;
			defaultConfigurationName = Release;
		};
/* End XCConfigurationList section */
	};
	rootObject = B143B5022A8A7F5300B8834E /* Project object */;
}
